
Microsoft Visual Studio Solution File, Format Version 12.00
# Visual Studio Version 16
VisualStudioVersion = 25.0.1705.0
MinimumVisualStudioVersion = 10.0.40219.1
Project("{FAE04EC0-301F-11D3-BF4B-00C04F79EFBC}") = "ConjurDotNetDemo", "ConjurDotNetDemo\ConjurDotNetDemo.csproj", "{BCEA92DB-D4EB-4547-8201-A64356603F00}"
EndProject
Project("{E53339B2-1760-4266-BCC7-CA923CBCF16C}") = "docker-compose", "docker-compose.dcproj", "{009FBAE6-0B61-468E-B193-F65742D57D6E}"
EndProject
Global
	GlobalSection(SolutionConfigurationPlatforms) = preSolution
		Debug|Any CPU = Debug|Any CPU
		Release|Any CPU = Release|Any CPU
	EndGlobalSection
	GlobalSection(ProjectConfigurationPlatforms) = postSolution
		{BCEA92DB-D4EB-4547-8201-A64356603F00}.Debug|Any CPU.ActiveCfg = Debug|Any CPU
		{BCEA92DB-D4EB-4547-8201-A64356603F00}.Debug|Any CPU.Build.0 = Debug|Any CPU
		{BCEA92DB-D4EB-4547-8201-A64356603F00}.Release|Any CPU.ActiveCfg = Release|Any CPU
		{BCEA92DB-D4EB-4547-8201-A64356603F00}.Release|Any CPU.Build.0 = Release|Any CPU
		{009FBAE6-0B61-468E-B193-F65742D57D6E}.Debug|Any CPU.ActiveCfg = Debug|Any CPU
		{009FBAE6-0B61-468E-B193-F65742D57D6E}.Debug|Any CPU.Build.0 = Debug|Any CPU
		{009FBAE6-0B61-468E-B193-F65742D57D6E}.Release|Any CPU.ActiveCfg = Release|Any CPU
		{009FBAE6-0B61-468E-B193-F65742D57D6E}.Release|Any CPU.Build.0 = Release|Any CPU
	EndGlobalSection
	GlobalSection(SolutionProperties) = preSolution
		HideSolutionNode = FALSE
	EndGlobalSection
	GlobalSection(ExtensibilityGlobals) = postSolution
		SolutionGuid = {1920B7C2-EA4C-49ED-9553-AA3C852D340A}
	EndGlobalSection
EndGlobal
